
Microsoft Visual Studio Solution File, Format Version 12.00
Project("{FAE04EC0-301F-11D3-BF4B-00C04F79EFBC}") = "Karo.Services.API", "Karo.Services.API\Karo.Services.API.csproj", "{ABE47973-1EE4-457F-B1AC-3C6A5578A3FD}"
EndProject
Project("{FAE04EC0-301F-11D3-BF4B-00C04F79EFBC}") = "Karo.Messaging.RabbitMQ", "Karo.Messaging.RabbitMQ\Karo.Messaging.RabbitMQ.csproj", "{95598A22-C126-4334-BC3E-7E815B472D4D}"
EndProject
Project("{FAE04EC0-301F-11D3-BF4B-00C04F79EFBC}") = "Karo.Messaging", "Karo.Messaging\Karo.Messaging.csproj", "{77CB4DA3-C864-42A9-93FF-D92C73A4DA4E}"
EndProject
Global
	GlobalSection(SolutionConfigurationPlatforms) = preSolution
		Debug|Any CPU = Debug|Any CPU
		Release|Any CPU = Release|Any CPU
	EndGlobalSection
	GlobalSection(ProjectConfigurationPlatforms) = postSolution
		{ABE47973-1EE4-457F-B1AC-3C6A5578A3FD}.Debug|Any CPU.ActiveCfg = Debug|Any CPU
		{ABE47973-1EE4-457F-B1AC-3C6A5578A3FD}.Debug|Any CPU.Build.0 = Debug|Any CPU
		{ABE47973-1EE4-457F-B1AC-3C6A5578A3FD}.Release|Any CPU.ActiveCfg = Release|Any CPU
		{ABE47973-1EE4-457F-B1AC-3C6A5578A3FD}.Release|Any CPU.Build.0 = Release|Any CPU
		{95598A22-C126-4334-BC3E-7E815B472D4D}.Debug|Any CPU.ActiveCfg = Debug|Any CPU
		{95598A22-C126-4334-BC3E-7E815B472D4D}.Debug|Any CPU.Build.0 = Debug|Any CPU
		{95598A22-C126-4334-BC3E-7E815B472D4D}.Release|Any CPU.ActiveCfg = Release|Any CPU
		{95598A22-C126-4334-BC3E-7E815B472D4D}.Release|Any CPU.Build.0 = Release|Any CPU
		{77CB4DA3-C864-42A9-93FF-D92C73A4DA4E}.Debug|Any CPU.ActiveCfg = Debug|Any CPU
		{77CB4DA3-C864-42A9-93FF-D92C73A4DA4E}.Debug|Any CPU.Build.0 = Debug|Any CPU
		{77CB4DA3-C864-42A9-93FF-D92C73A4DA4E}.Release|Any CPU.ActiveCfg = Release|Any CPU
		{77CB4DA3-C864-42A9-93FF-D92C73A4DA4E}.Release|Any CPU.Build.0 = Release|Any CPU
	EndGlobalSection
EndGlobal
